<?xml version="1.0" encoding="utf-8"?>
<Project ToolsVersion="4.0" xmlns="http://schemas.microsoft.com/developer/msbuild/2003">
  <ItemGroup>
    <Filter Include="소스 파일">
      <UniqueIdentifier>{4FC737F1-C7A5-4376-A066-2A32D752A2FF}</UniqueIdentifier>
      <Extensions>cpp;c;cc;cxx;def;odl;idl;hpj;bat;asm;asmx</Extensions>
    </Filter>
    <Filter Include="헤더 파일">
      <UniqueIdentifier>{93995380-89BD-4b04-88EB-625FBE52EBFB}</UniqueIdentifier>
      <Extensions>h;hh;hpp;hxx;hm;inl;inc;xsd</Extensions>
    </Filter>
    <Filter Include="리소스 파일">
      <UniqueIdentifier>{67DA6AB6-F800-4c08-8B7A-83BB121AAD01}</UniqueIdentifier>
      <Extensions>rc;ico;cur;bmp;dlg;rc2;rct;bin;rgs;gif;jpg;jpeg;jpe;resx;tiff;tif;png;wav;mfcribbon-ms</Extensions>
    </Filter>
    <Filter Include="소스 파일\Control">
      <UniqueIdentifier>{86e57ff6-4085-48c1-ab02-de65aa5c0f62}</UniqueIdentifier>
    </Filter>
    <Filter Include="소스 파일\Control\Character">
      <UniqueIdentifier>{32c5fbb8-0bae-4576-87e0-a77dbbf72553}</UniqueIdentifier>
    </Filter>
    <Filter Include="소스 파일\Control\Grid">
      <UniqueIdentifier>{a40ff694-3ef0-4a2e-aafb-ca63fba2254d}</UniqueIdentifier>
    </Filter>
    <Filter Include="소스 파일\Control\Pyramid">
      <UniqueIdentifier>{9bb328b9-2ded-43b9-85ce-72d73ab66a07}</UniqueIdentifier>
    </Filter>
    <Filter Include="소스 파일\ETC.">
      <UniqueIdentifier>{1b35ecf3-acef-495d-93bf-81385af3fe47}</UniqueIdentifier>
    </Filter>
    <Filter Include="소스 파일\UI">
      <UniqueIdentifier>{58f70eb9-b083-4779-bbd9-5e78f2680998}</UniqueIdentifier>
    </Filter>
    <Filter Include="소스 파일\Control\VideoDevice">
      <UniqueIdentifier>{34cba8ac-e406-4c1b-9bfa-eeb0843da44f}</UniqueIdentifier>
    </Filter>
    <Filter Include="소스 파일\Control\WinMain">
      <UniqueIdentifier>{ce364565-a8c5-4f9e-aaed-f4181d54299f}</UniqueIdentifier>
    </Filter>
    <Filter Include="소스 파일\Manager">
      <UniqueIdentifier>{b28d996b-e09d-4b61-bbaf-42532aff7692}</UniqueIdentifier>
    </Filter>
    <Filter Include="소스 파일\Manager\CharacterManager">
      <UniqueIdentifier>{c8050805-1699-4761-b482-a51b7dcfb71f}</UniqueIdentifier>
    </Filter>
    <Filter Include="소스 파일\Manager\TextureManager">
      <UniqueIdentifier>{99919332-16be-4c5e-aa36-3224a800f9c2}</UniqueIdentifier>
    </Filter>
    <Filter Include="소스 파일\Manager\UIManager">
      <UniqueIdentifier>{a6f35d6f-5caf-47fa-8d30-e77a72eb6b3c}</UniqueIdentifier>
    </Filter>
    <Filter Include="소스 파일\Manager\FontManager">
      <UniqueIdentifier>{e4485258-e72e-45e5-81c4-f97a55c60472}</UniqueIdentifier>
    </Filter>
    <Filter Include="소스 파일\Manager\ObjectManager">
      <UniqueIdentifier>{9244105f-4121-41e3-a40e-8984fa8abd01}</UniqueIdentifier>
    </Filter>
    <Filter Include="소스 파일\Manager\TimeManager">
      <UniqueIdentifier>{b3c0902a-f185-4680-aa92-70e669008b3b}</UniqueIdentifier>
    </Filter>
    <Filter Include="소스 파일\Manager\MainGameManager">
      <UniqueIdentifier>{7f5312d5-ac31-4c87-9dad-c76c6a3d9a6e}</UniqueIdentifier>
    </Filter>
    <Filter Include="소스 파일\Manager\AutoReleasePool">
      <UniqueIdentifier>{7ae5869e-2431-4a3e-b221-1553b0bae1d6}</UniqueIdentifier>
    </Filter>
    <Filter Include="소스 파일\Control\Object">
      <UniqueIdentifier>{03130155-9dbf-46cd-9161-c848957763bc}</UniqueIdentifier>
    </Filter>
    <Filter Include="소스 파일\Control\LinearInterpolation">
      <UniqueIdentifier>{84c40674-10d4-40c4-b5ab-89d9f3f74e2f}</UniqueIdentifier>
    </Filter>
    <Filter Include="소스 파일\Parsing">
      <UniqueIdentifier>{436b0f9b-3d58-4156-bfb4-53362fea5976}</UniqueIdentifier>
    </Filter>
    <Filter Include="소스 파일\Control\Object\Action">
      <UniqueIdentifier>{7d324563-887c-4b84-bcc7-1c913b309e39}</UniqueIdentifier>
    </Filter>
    <Filter Include="소스 파일\Control\Object\Cube">
      <UniqueIdentifier>{82924917-3c6a-4fd3-9492-bcc4e32eed58}</UniqueIdentifier>
    </Filter>
    <Filter Include="소스 파일\Control\Object\Map">
      <UniqueIdentifier>{d527b7c5-1202-48bf-9b57-850bb2cf498a}</UniqueIdentifier>
    </Filter>
    <Filter Include="소스 파일\Parsing\ASELoader">
      <UniqueIdentifier>{a2bd4921-6d0c-47d5-8d4e-7349026ae5d7}</UniqueIdentifier>
    </Filter>
    <Filter Include="소스 파일\Control\ASEControll">
      <UniqueIdentifier>{7e2852c9-2d0e-4959-ac9c-ac015f2be1af}</UniqueIdentifier>
    </Filter>
    <Filter Include="소스 파일\Parsing\OBJLoader">
      <UniqueIdentifier>{a5a771e1-111c-402b-bea2-8220ee9efdd9}</UniqueIdentifier>
    </Filter>
    <Filter Include="소스 파일\Control\Ray">
      <UniqueIdentifier>{6f88a30b-45db-4b0f-9238-ed21f5b0aa5a}</UniqueIdentifier>
    </Filter>
    <Filter Include="소스 파일\Control\SkinnedMesh">
      <UniqueIdentifier>{2cd09244-5a90-4327-a3bb-f9c7fd7fe56d}</UniqueIdentifier>
    </Filter>
    <Filter Include="소스 파일\Control\AllocateHierarchy">
      <UniqueIdentifier>{41fd47ab-c125-4b7c-8171-a7c100610705}</UniqueIdentifier>
    </Filter>
    <Filter Include="소스 파일\FrustumCulling">
      <UniqueIdentifier>{441a28b8-769e-40a6-9642-d64a2b702936}</UniqueIdentifier>
    </Filter>
    <Filter Include="소스 파일\Manager\SkinnedMeshManager">
      <UniqueIdentifier>{f2a84fd5-c16f-4187-acee-e270ee45583b}</UniqueIdentifier>
    </Filter>
    <Filter Include="소스 파일\Environment">
      <UniqueIdentifier>{65ffa2a4-c8ea-441d-b751-0da2db8a0e2a}</UniqueIdentifier>
    </Filter>
    <Filter Include="소스 파일\Control\Object\SkyBox">
      <UniqueIdentifier>{a0c9a756-755b-4f11-b964-a6276c8e789e}</UniqueIdentifier>
    </Filter>
    <Filter Include="소스 파일\MapTool">
      <UniqueIdentifier>{4cf8650a-e214-4c74-bb6a-74456515129c}</UniqueIdentifier>
    </Filter>
    <Filter Include="소스 파일\Manager\SceneManager">
      <UniqueIdentifier>{3c53f54c-82cb-4172-8c54-f080f15af346}</UniqueIdentifier>
    </Filter>
    <Filter Include="소스 파일\MainGame">
      <UniqueIdentifier>{bbc88a4b-ad86-4e32-a4bf-bec5d032e534}</UniqueIdentifier>
    </Filter>
    <Filter Include="소스 파일\Scene">
      <UniqueIdentifier>{9c8cbba7-71df-465c-a10c-1ca46af28e58}</UniqueIdentifier>
    </Filter>
    <Filter Include="소스 파일\Scene\SceneNode">
      <UniqueIdentifier>{4b8303a4-22e7-490b-ab67-a6da6e09f82c}</UniqueIdentifier>
    </Filter>
    <Filter Include="소스 파일\Manager\SoundManager">
      <UniqueIdentifier>{1ce0ec3b-0a92-43fa-ad67-457ac1097b60}</UniqueIdentifier>
    </Filter>
    <Filter Include="소스 파일\Manager\KeyManager">
      <UniqueIdentifier>{dae21cb7-1d5f-4a8c-bd29-f870220d65f5}</UniqueIdentifier>
    </Filter>
    <Filter Include="소스 파일\Manager\Camera">
      <UniqueIdentifier>{3846d917-0c63-46c5-bb63-386b0386fee5}</UniqueIdentifier>
    </Filter>
    <Filter Include="소스 파일\Manager\ParticleManager">
      <UniqueIdentifier>{8a1cdef3-303d-4b21-a26b-e12902bf99e3}</UniqueIdentifier>
    </Filter>
    <Filter Include="소스 파일\Control\Object\ParticleSystem">
      <UniqueIdentifier>{847cb4ea-fb94-475b-90b0-5df7a9b94acf}</UniqueIdentifier>
    </Filter>
  </ItemGroup>
  <ItemGroup>
    <Text Include="ReadMe.txt" />
  </ItemGroup>
  <ItemGroup>
    <ClInclude Include="stdafx.h">
      <Filter>헤더 파일</Filter>
    </ClInclude>
    <ClInclude Include="targetver.h">
      <Filter>헤더 파일</Filter>
    </ClInclude>
    <ClInclude Include="Resource.h">
      <Filter>헤더 파일</Filter>
    </ClInclude>
    <ClInclude Include="CameraCtrl.h">
      <Filter>소스 파일\Manager\Camera</Filter>
    </ClInclude>
    <ClInclude Include="CharacterCtrl.h">
      <Filter>소스 파일\Control\Character</Filter>
    </ClInclude>
    <ClInclude Include="MainGameManager.h">
      <Filter>소스 파일\Manager\MainGameManager</Filter>
    </ClInclude>
    <ClInclude Include="CubeCtrl.h">
      <Filter>소스 파일\Control\Object\Cube</Filter>
    </ClInclude>
    <ClInclude Include="GridCtrl.h">
      <Filter>소스 파일\Control\Grid</Filter>
    </ClInclude>
    <ClInclude Include="Pyramid.h">
      <Filter>소스 파일\Control\Pyramid</Filter>
    </ClInclude>
    <ClInclude Include="VideoDevice.h">
      <Filter>소스 파일\Control\VideoDevice</Filter>
    </ClInclude>
    <ClInclude Include="DirectX3D.h">
      <Filter>소스 파일\Control\WinMain</Filter>
    </ClInclude>
    <ClInclude Include="TextureManager.h">
      <Filter>소스 파일\Manager\TextureManager</Filter>
    </ClInclude>
    <ClInclude Include="UITextView.h">
      <Filter>소스 파일\UI</Filter>
    </ClInclude>
    <ClInclude Include="UIButton.h">
      <Filter>소스 파일\UI</Filter>
    </ClInclude>
    <ClInclude Include="UIImageView.h">
      <Filter>소스 파일\UI</Filter>
    </ClInclude>
    <ClInclude Include="UIObject.h">
      <Filter>소스 파일\UI</Filter>
    </ClInclude>
    <ClInclude Include="UIManager.h">
      <Filter>소스 파일\Manager\UIManager</Filter>
    </ClInclude>
    <ClInclude Include="FontManager.h">
      <Filter>소스 파일\Manager\FontManager</Filter>
    </ClInclude>
    <ClInclude Include="Action.h">
      <Filter>소스 파일\Control\Object\Action</Filter>
    </ClInclude>
    <ClInclude Include="ActionRepeat.h">
      <Filter>소스 파일\Control\Object\Action</Filter>
    </ClInclude>
    <ClInclude Include="ActionSequence.h">
      <Filter>소스 파일\Control\Object\Action</Filter>
    </ClInclude>
    <ClInclude Include="GameObject.h">
      <Filter>소스 파일\Control\Object</Filter>
    </ClInclude>
    <ClInclude Include="Object.h">
      <Filter>소스 파일\Control\Object</Filter>
    </ClInclude>
    <ClInclude Include="ObjectManager.h">
      <Filter>소스 파일\Manager\ObjectManager</Filter>
    </ClInclude>
    <ClInclude Include="TimeManager.h">
      <Filter>소스 파일\Manager\TimeManager</Filter>
    </ClInclude>
    <ClInclude Include="CharacterManager.h">
      <Filter>소스 파일\Manager\CharacterManager</Filter>
    </ClInclude>
    <ClInclude Include="ActionMove.h">
      <Filter>소스 파일\Control\Object\Action</Filter>
    </ClInclude>
    <ClInclude Include="AutoReleasePool.h">
      <Filter>소스 파일\Manager\AutoReleasePool</Filter>
    </ClInclude>
    <ClInclude Include="LinearInterpolation.h">
      <Filter>소스 파일\Control\LinearInterpolation</Filter>
    </ClInclude>
    <ClInclude Include="MaterialTexture.h">
      <Filter>소스 파일\Control\Object</Filter>
    </ClInclude>
    <ClInclude Include="Group.h">
      <Filter>소스 파일\Control\Object</Filter>
    </ClInclude>
    <ClInclude Include="OBJMap.h">
      <Filter>소스 파일\Control\Object\Map</Filter>
    </ClInclude>
    <ClInclude Include="iMap.h">
      <Filter>소스 파일\Control\Object\Map</Filter>
    </ClInclude>
    <ClInclude Include="ASELoader.h">
      <Filter>소스 파일\Parsing\ASELoader</Filter>
    </ClInclude>
    <ClInclude Include="Asciitok.h">
      <Filter>소스 파일\Parsing\ASELoader</Filter>
    </ClInclude>
    <ClInclude Include="ASECharacter.h">
      <Filter>소스 파일\Control\ASEControll</Filter>
    </ClInclude>
    <ClInclude Include="ASEFrame.h">
      <Filter>소스 파일\Control\ASEControll</Filter>
    </ClInclude>
    <ClInclude Include="OBJLoader.h">
      <Filter>소스 파일\Parsing\OBJLoader</Filter>
    </ClInclude>
    <ClInclude Include="HeightMap.h">
      <Filter>소스 파일\Control\Object\Map</Filter>
    </ClInclude>
    <ClInclude Include="RayCtrl.h">
      <Filter>소스 파일\Control\Ray</Filter>
    </ClInclude>
    <ClInclude Include="Utility.h">
      <Filter>헤더 파일</Filter>
    </ClInclude>
    <ClInclude Include="AllocateHierarchy.h">
      <Filter>소스 파일\Control\AllocateHierarchy</Filter>
    </ClInclude>
    <ClInclude Include="SkinnedMesh.h">
      <Filter>소스 파일\Control\SkinnedMesh</Filter>
    </ClInclude>
    <ClInclude Include="FrustumCulling.h">
      <Filter>소스 파일\FrustumCulling</Filter>
    </ClInclude>
    <ClInclude Include="SkinnedMeshManager.h">
      <Filter>소스 파일\Manager\SkinnedMeshManager</Filter>
    </ClInclude>
    <ClInclude Include="SkyBox.h">
      <Filter>소스 파일\Control\Object\SkyBox</Filter>
    </ClInclude>
    <ClInclude Include="Environment.h">
      <Filter>소스 파일\Environment</Filter>
    </ClInclude>
    <ClInclude Include="MapTool.h">
      <Filter>소스 파일\MapTool</Filter>
    </ClInclude>
    <ClInclude Include="SceneManager.h">
      <Filter>소스 파일\Manager\SceneManager</Filter>
    </ClInclude>
    <ClInclude Include="SceneNode.h">
      <Filter>소스 파일\Scene\SceneNode</Filter>
    </ClInclude>
    <ClInclude Include="MainGame.h">
      <Filter>소스 파일\MainGame</Filter>
    </ClInclude>
    <ClInclude Include="MainScene.h">
      <Filter>소스 파일\Scene</Filter>
    </ClInclude>
    <ClInclude Include="LoadingScene.h">
      <Filter>소스 파일\Scene</Filter>
    </ClInclude>
    <ClInclude Include="GameScene.h">
      <Filter>소스 파일\Scene</Filter>
    </ClInclude>
    <ClInclude Include="SoundManager.h">
      <Filter>소스 파일\Manager\SoundManager</Filter>
    </ClInclude>
    <ClInclude Include="KeyManager.h">
      <Filter>소스 파일\Manager\KeyManager</Filter>
    </ClInclude>
    <ClInclude Include="CommonMacroFunction.h">
      <Filter>헤더 파일</Filter>
    </ClInclude>
    <ClInclude Include="ParticleManager.h">
      <Filter>소스 파일\Manager\ParticleManager</Filter>
    </ClInclude>
    <ClInclude Include="ParticleSystem.h">
      <Filter>소스 파일\Control\Object\ParticleSystem</Filter>
    </ClInclude>
    <ClInclude Include="Particle_Snow.h">
      <Filter>소스 파일\Control\Object\ParticleSystem</Filter>
    </ClInclude>
  </ItemGroup>
  <ItemGroup>
    <ClCompile Include="CameraCtrl.cpp">
      <Filter>소스 파일\Manager\Camera</Filter>
    </ClCompile>
    <ClCompile Include="CharacterCtrl.cpp">
      <Filter>소스 파일\Control\Character</Filter>
    </ClCompile>
    <ClCompile Include="MainGameManager.cpp">
      <Filter>소스 파일\Manager\MainGameManager</Filter>
    </ClCompile>
    <ClCompile Include="CubeCtrl.cpp">
      <Filter>소스 파일\Control\Object\Cube</Filter>
    </ClCompile>
    <ClCompile Include="GridCtrl.cpp">
      <Filter>소스 파일\Control\Grid</Filter>
    </ClCompile>
    <ClCompile Include="Pyramid.cpp">
      <Filter>소스 파일\Control\Pyramid</Filter>
    </ClCompile>
    <ClCompile Include="VideoDevice.cpp">
      <Filter>소스 파일\Control\VideoDevice</Filter>
    </ClCompile>
    <ClCompile Include="DirectX3D.cpp">
      <Filter>소스 파일\Control\WinMain</Filter>
    </ClCompile>
    <ClCompile Include="stdafx.cpp">
      <Filter>소스 파일\ETC.</Filter>
    </ClCompile>
    <ClCompile Include="TextureManager.cpp">
      <Filter>소스 파일\Manager\TextureManager</Filter>
    </ClCompile>
    <ClCompile Include="UIObject.cpp">
      <Filter>소스 파일\UI</Filter>
    </ClCompile>
    <ClCompile Include="UIButton.cpp">
      <Filter>소스 파일\UI</Filter>
    </ClCompile>
    <ClCompile Include="UIImageView.cpp">
      <Filter>소스 파일\UI</Filter>
    </ClCompile>
    <ClCompile Include="UITextView.cpp">
      <Filter>소스 파일\UI</Filter>
    </ClCompile>
    <ClCompile Include="UIManager.cpp">
      <Filter>소스 파일\Manager\UIManager</Filter>
    </ClCompile>
    <ClCompile Include="FontManager.cpp">
      <Filter>소스 파일\Manager\FontManager</Filter>
    </ClCompile>
    <ClCompile Include="Action.cpp">
      <Filter>소스 파일\Control\Object\Action</Filter>
    </ClCompile>
    <ClCompile Include="ActionRepeat.cpp">
      <Filter>소스 파일\Control\Object\Action</Filter>
    </ClCompile>
    <ClCompile Include="ActionSequence.cpp">
      <Filter>소스 파일\Control\Object\Action</Filter>
    </ClCompile>
    <ClCompile Include="GameObject.cpp">
      <Filter>소스 파일\Control\Object</Filter>
    </ClCompile>
    <ClCompile Include="Object.cpp">
      <Filter>소스 파일\Control\Object</Filter>
    </ClCompile>
    <ClCompile Include="ObjectManager.cpp">
      <Filter>소스 파일\Manager\ObjectManager</Filter>
    </ClCompile>
    <ClCompile Include="TimeManager.cpp">
      <Filter>소스 파일\Manager\TimeManager</Filter>
    </ClCompile>
    <ClCompile Include="CharacterManager.cpp">
      <Filter>소스 파일\Manager\CharacterManager</Filter>
    </ClCompile>
    <ClCompile Include="ActionMove.cpp">
      <Filter>소스 파일\Control\Object\Action</Filter>
    </ClCompile>
    <ClCompile Include="AutoReleasePool.cpp">
      <Filter>소스 파일\Manager\AutoReleasePool</Filter>
    </ClCompile>
    <ClCompile Include="LinearInterpolation.cpp">
      <Filter>소스 파일\Control\LinearInterpolation</Filter>
    </ClCompile>
    <ClCompile Include="MaterialTexture.cpp">
      <Filter>소스 파일\Control\Object</Filter>
    </ClCompile>
    <ClCompile Include="Group.cpp">
      <Filter>소스 파일\Control\Object</Filter>
    </ClCompile>
    <ClCompile Include="iMap.cpp">
      <Filter>소스 파일\Control\Object\Map</Filter>
    </ClCompile>
    <ClCompile Include="OBJMap.cpp">
      <Filter>소스 파일\Control\Object\Map</Filter>
    </ClCompile>
    <ClCompile Include="ASELoader.cpp">
      <Filter>소스 파일\Parsing\ASELoader</Filter>
    </ClCompile>
    <ClCompile Include="ASECharacter.cpp">
      <Filter>소스 파일\Control\ASEControll</Filter>
    </ClCompile>
    <ClCompile Include="ASEFrame.cpp">
      <Filter>소스 파일\Control\ASEControll</Filter>
    </ClCompile>
    <ClCompile Include="ObjLoader.cpp">
      <Filter>소스 파일\Parsing\OBJLoader</Filter>
    </ClCompile>
    <ClCompile Include="HeightMap.cpp">
      <Filter>소스 파일\Control\Object\Map</Filter>
    </ClCompile>
    <ClCompile Include="RayCtrl.cpp">
      <Filter>소스 파일\Control\Ray</Filter>
    </ClCompile>
    <ClCompile Include="AllocateHierarchy.cpp">
      <Filter>소스 파일\Control\AllocateHierarchy</Filter>
    </ClCompile>
    <ClCompile Include="SkinnedMesh.cpp">
      <Filter>소스 파일\Control\SkinnedMesh</Filter>
    </ClCompile>
    <ClCompile Include="FrustumCulling.cpp">
      <Filter>소스 파일\FrustumCulling</Filter>
    </ClCompile>
    <ClCompile Include="SkinnedMeshManager.cpp">
      <Filter>소스 파일\Manager\SkinnedMeshManager</Filter>
    </ClCompile>
    <ClCompile Include="SkyBox.cpp">
      <Filter>소스 파일\Control\Object\SkyBox</Filter>
    </ClCompile>
    <ClCompile Include="Environment.cpp">
      <Filter>소스 파일\Environment</Filter>
    </ClCompile>
    <ClCompile Include="MapTool.cpp">
      <Filter>소스 파일\MapTool</Filter>
    </ClCompile>
    <ClCompile Include="SceneManager.cpp">
      <Filter>소스 파일\Manager\SceneManager</Filter>
    </ClCompile>
    <ClCompile Include="SceneNode.cpp">
      <Filter>소스 파일\Scene\SceneNode</Filter>
    </ClCompile>
    <ClCompile Include="MainGame.cpp">
      <Filter>소스 파일\MainGame</Filter>
    </ClCompile>
    <ClCompile Include="MainScene.cpp">
      <Filter>소스 파일\Scene</Filter>
    </ClCompile>
    <ClCompile Include="LoadingScene.cpp">
      <Filter>소스 파일\Scene</Filter>
    </ClCompile>
    <ClCompile Include="GameScene.cpp">
      <Filter>소스 파일\Scene</Filter>
    </ClCompile>
    <ClCompile Include="SoundManager.cpp">
      <Filter>소스 파일\Manager\SoundManager</Filter>
    </ClCompile>
    <ClCompile Include="KeyManager.cpp">
      <Filter>소스 파일\Manager\KeyManager</Filter>
    </ClCompile>
    <ClCompile Include="ParticleManager.cpp">
      <Filter>소스 파일\Manager\ParticleManager</Filter>
    </ClCompile>
    <ClCompile Include="ParticleSystem.cpp">
      <Filter>소스 파일\Control\Object\ParticleSystem</Filter>
    </ClCompile>
    <ClCompile Include="Particle_Snow.cpp">
      <Filter>소스 파일\Control\Object\ParticleSystem</Filter>
    </ClCompile>
  </ItemGroup>
  <ItemGroup>
    <ResourceCompile Include="DirectX3D.rc">
      <Filter>리소스 파일</Filter>
    </ResourceCompile>
  </ItemGroup>
  <ItemGroup>
    <Image Include="small.ico">
      <Filter>리소스 파일</Filter>
    </Image>
    <Image Include="DirectX3D.ico">
      <Filter>리소스 파일</Filter>
    </Image>
  </ItemGroup>
</Project>