<?xml version="1.0" encoding="utf-8"?>
<Project ToolsVersion="4.0" xmlns="http://schemas.microsoft.com/developer/msbuild/2003">
  <ItemGroup>
    <Filter Include="소스 파일">
      <UniqueIdentifier>{4FC737F1-C7A5-4376-A066-2A32D752A2FF}</UniqueIdentifier>
      <Extensions>cpp;c;cc;cxx;def;odl;idl;hpj;bat;asm;asmx</Extensions>
    </Filter>
    <Filter Include="헤더 파일">
      <UniqueIdentifier>{93995380-89BD-4b04-88EB-625FBE52EBFB}</UniqueIdentifier>
      <Extensions>h;hh;hpp;hxx;hm;inl;inc;xsd</Extensions>
    </Filter>
    <Filter Include="리소스 파일">
      <UniqueIdentifier>{67DA6AB6-F800-4c08-8B7A-83BB121AAD01}</UniqueIdentifier>
      <Extensions>rc;ico;cur;bmp;dlg;rc2;rct;bin;rgs;gif;jpg;jpeg;jpe;resx;tiff;tif;png;wav;mfcribbon-ms</Extensions>
    </Filter>
    <Filter Include="소스 파일\Action">
      <UniqueIdentifier>{09c01bd1-fbb1-40ab-b066-66d3c0a74840}</UniqueIdentifier>
    </Filter>
    <Filter Include="소스 파일\XFile">
      <UniqueIdentifier>{e6f743d8-643a-461f-bda8-de79e6313bbd}</UniqueIdentifier>
    </Filter>
    <Filter Include="소스 파일\ASE">
      <UniqueIdentifier>{905623e0-d701-432c-add1-348c66a3b3a9}</UniqueIdentifier>
    </Filter>
    <Filter Include="소스 파일\Manager">
      <UniqueIdentifier>{511e4a71-31e3-4c6b-b8dd-4cbf0f3d3dd1}</UniqueIdentifier>
    </Filter>
    <Filter Include="소스 파일\Scene">
      <UniqueIdentifier>{7cce12e5-1ea8-430a-928f-bf0f1098dad6}</UniqueIdentifier>
    </Filter>
    <Filter Include="소스 파일\Environment">
      <UniqueIdentifier>{6f833d07-5edb-4c00-a319-d2b6bbdc55e0}</UniqueIdentifier>
    </Filter>
    <Filter Include="소스 파일\Particle">
      <UniqueIdentifier>{b323f15c-f340-4ccf-98bc-cceae2409b64}</UniqueIdentifier>
    </Filter>
    <Filter Include="소스 파일\VideoDevice">
      <UniqueIdentifier>{c7faa331-7f8c-45be-a82b-d6dbc7cf25f8}</UniqueIdentifier>
    </Filter>
    <Filter Include="소스 파일\Map">
      <UniqueIdentifier>{14ab981c-af45-4c5a-b3ad-b6c45cd5cceb}</UniqueIdentifier>
    </Filter>
    <Filter Include="소스 파일\Object">
      <UniqueIdentifier>{1bee928c-a882-4dee-84b1-d38ac1caab06}</UniqueIdentifier>
    </Filter>
    <Filter Include="소스 파일\MaterialTexture">
      <UniqueIdentifier>{12d77072-895d-4998-a047-ae85ad79100c}</UniqueIdentifier>
    </Filter>
    <Filter Include="소스 파일\Control">
      <UniqueIdentifier>{8353d251-4ea0-4902-8ca7-6bd4c6eeadf3}</UniqueIdentifier>
    </Filter>
    <Filter Include="헤더 파일\NonUse">
      <UniqueIdentifier>{5d3c4966-c87e-4073-9825-5a610e4926b0}</UniqueIdentifier>
    </Filter>
    <Filter Include="헤더 파일\Utility">
      <UniqueIdentifier>{70bb8926-d8bc-402b-a537-6550100622c0}</UniqueIdentifier>
    </Filter>
    <Filter Include="소스 파일\0.KiNam">
      <UniqueIdentifier>{721196c7-4641-48f4-ab5c-22e867da3f42}</UniqueIdentifier>
    </Filter>
    <Filter Include="소스 파일\1.SungJin">
      <UniqueIdentifier>{109950f4-c853-4302-983b-f771e9c44867}</UniqueIdentifier>
    </Filter>
    <Filter Include="소스 파일\2.JiYoung">
      <UniqueIdentifier>{6f5ca802-f9f3-4d1b-bc97-2db4931b8aea}</UniqueIdentifier>
    </Filter>
    <Filter Include="소스 파일\3.YoungSeon">
      <UniqueIdentifier>{08d9dc45-3554-492b-9dc1-d387ec2bacce}</UniqueIdentifier>
    </Filter>
    <Filter Include="소스 파일\Scene\Maptool">
      <UniqueIdentifier>{fce8c5d1-262f-48fe-8e05-0671f1fc92a9}</UniqueIdentifier>
    </Filter>
    <Filter Include="소스 파일\Scene\Maptool\Plane">
      <UniqueIdentifier>{95d3ff4d-16c9-404c-a5cb-df2ece7ec931}</UniqueIdentifier>
    </Filter>
    <Filter Include="소스 파일\Scene\Maptool\Menu">
      <UniqueIdentifier>{734798b9-ed38-4ce1-b9a3-a37378d071d2}</UniqueIdentifier>
    </Filter>
    <Filter Include="소스 파일\Scene\InGame">
      <UniqueIdentifier>{22738f87-a55e-4e09-aa79-19d3546f3049}</UniqueIdentifier>
    </Filter>
    <Filter Include="소스 파일\Scene\Maptool\Picking">
      <UniqueIdentifier>{afdd8dfe-b442-47d1-ae63-3718fbb6461e}</UniqueIdentifier>
    </Filter>
    <Filter Include="소스 파일\Scene\Maptool\Main">
      <UniqueIdentifier>{a362834a-0f45-4a4e-8858-e1917891ac80}</UniqueIdentifier>
    </Filter>
    <Filter Include="소스 파일\Scene\Maptool\QuadTree">
      <UniqueIdentifier>{7c611012-fbc7-49e0-b930-72aa9538ae55}</UniqueIdentifier>
    </Filter>
    <Filter Include="소스 파일\Scene\Maptool\Culling">
      <UniqueIdentifier>{7a28519a-3505-495e-a056-00eae8b24c51}</UniqueIdentifier>
    </Filter>
    <Filter Include="소스 파일\Scene\LoadingScene">
      <UniqueIdentifier>{bf3c2a79-7ff8-4585-98fa-270fc6f6c3b4}</UniqueIdentifier>
    </Filter>
    <Filter Include="소스 파일\3.YoungSeon\UI">
      <UniqueIdentifier>{59257a58-dc38-4d62-b3bc-054e036d5831}</UniqueIdentifier>
    </Filter>
  </ItemGroup>
  <ItemGroup>
    <Text Include="ReadMe.txt" />
  </ItemGroup>
  <ItemGroup>
    <ClInclude Include="Action.h">
      <Filter>소스 파일\Action</Filter>
    </ClInclude>
    <ClInclude Include="ActionMove.h">
      <Filter>소스 파일\Action</Filter>
    </ClInclude>
    <ClInclude Include="ActionRepeat.h">
      <Filter>소스 파일\Action</Filter>
    </ClInclude>
    <ClInclude Include="ActionSequence.h">
      <Filter>소스 파일\Action</Filter>
    </ClInclude>
    <ClInclude Include="AllocateHierarchy.h">
      <Filter>소스 파일\XFile</Filter>
    </ClInclude>
    <ClInclude Include="SkinnedMesh.h">
      <Filter>소스 파일\XFile</Filter>
    </ClInclude>
    <ClInclude Include="ASECharacter.h">
      <Filter>소스 파일\ASE</Filter>
    </ClInclude>
    <ClInclude Include="ASEFrame.h">
      <Filter>소스 파일\ASE</Filter>
    </ClInclude>
    <ClInclude Include="ASELoader.h">
      <Filter>소스 파일\ASE</Filter>
    </ClInclude>
    <ClInclude Include="FontManager.h">
      <Filter>소스 파일\Manager</Filter>
    </ClInclude>
    <ClInclude Include="InputManager.h">
      <Filter>소스 파일\Manager</Filter>
    </ClInclude>
    <ClInclude Include="KeyManager.h">
      <Filter>소스 파일\Manager</Filter>
    </ClInclude>
    <ClInclude Include="ObjectManager.h">
      <Filter>소스 파일\Manager</Filter>
    </ClInclude>
    <ClInclude Include="ParticleManager.h">
      <Filter>소스 파일\Manager</Filter>
    </ClInclude>
    <ClInclude Include="SceneManager.h">
      <Filter>소스 파일\Manager</Filter>
    </ClInclude>
    <ClInclude Include="SkinnedMeshManager.h">
      <Filter>소스 파일\Manager</Filter>
    </ClInclude>
    <ClInclude Include="SoundManager.h">
      <Filter>소스 파일\Manager</Filter>
    </ClInclude>
    <ClInclude Include="TextureManager.h">
      <Filter>소스 파일\Manager</Filter>
    </ClInclude>
    <ClInclude Include="TimeManager.h">
      <Filter>소스 파일\Manager</Filter>
    </ClInclude>
    <ClInclude Include="Environment.h">
      <Filter>소스 파일\Environment</Filter>
    </ClInclude>
    <ClInclude Include="ParticleSystem.h">
      <Filter>소스 파일\Particle</Filter>
    </ClInclude>
    <ClInclude Include="Particle_Snow.h">
      <Filter>소스 파일\Particle</Filter>
    </ClInclude>
    <ClInclude Include="UITextView.h">
      <Filter>소스 파일\3.YoungSeon\UI</Filter>
    </ClInclude>
    <ClInclude Include="UIObject.h">
      <Filter>소스 파일\3.YoungSeon\UI</Filter>
    </ClInclude>
    <ClInclude Include="UIImageView.h">
      <Filter>소스 파일\3.YoungSeon\UI</Filter>
    </ClInclude>
    <ClInclude Include="UIButton.h">
      <Filter>소스 파일\3.YoungSeon\UI</Filter>
    </ClInclude>
    <ClInclude Include="VideoDevice.h">
      <Filter>소스 파일\VideoDevice</Filter>
    </ClInclude>
    <ClInclude Include="iMap.h">
      <Filter>소스 파일\Map</Filter>
    </ClInclude>
    <ClInclude Include="OBJMap.h">
      <Filter>소스 파일\Map</Filter>
    </ClInclude>
    <ClInclude Include="HeightMap.h">
      <Filter>소스 파일\Map</Filter>
    </ClInclude>
    <ClInclude Include="Object.h">
      <Filter>소스 파일\Object</Filter>
    </ClInclude>
    <ClInclude Include="OBJLoader.h">
      <Filter>소스 파일\Object</Filter>
    </ClInclude>
    <ClInclude Include="LinearInterpolation.h">
      <Filter>소스 파일\Object</Filter>
    </ClInclude>
    <ClInclude Include="Group.h">
      <Filter>소스 파일\Object</Filter>
    </ClInclude>
    <ClInclude Include="GameObject.h">
      <Filter>소스 파일\Object</Filter>
    </ClInclude>
    <ClInclude Include="CubeCtrl.h">
      <Filter>소스 파일\Object</Filter>
    </ClInclude>
    <ClInclude Include="AutoReleasePool.h">
      <Filter>소스 파일\Object</Filter>
    </ClInclude>
    <ClInclude Include="Pyramid.h">
      <Filter>소스 파일\Object</Filter>
    </ClInclude>
    <ClInclude Include="MatrialTexture.h">
      <Filter>소스 파일\MaterialTexture</Filter>
    </ClInclude>
    <ClInclude Include="CharacterCtrl.h">
      <Filter>소스 파일\Control</Filter>
    </ClInclude>
    <ClInclude Include="GridCtrl.h">
      <Filter>소스 파일\Control</Filter>
    </ClInclude>
    <ClInclude Include="CameraCtrl.h">
      <Filter>소스 파일\Manager</Filter>
    </ClInclude>
    <ClInclude Include="SkyBox.h">
      <Filter>소스 파일\Environment</Filter>
    </ClInclude>
    <ClInclude Include="FrustomCulling.h">
      <Filter>소스 파일\Scene\Maptool\Culling</Filter>
    </ClInclude>
    <ClInclude Include="Borderlands2.h">
      <Filter>헤더 파일\NonUse</Filter>
    </ClInclude>
    <ClInclude Include="targetver.h">
      <Filter>헤더 파일\NonUse</Filter>
    </ClInclude>
    <ClInclude Include="resource.h">
      <Filter>헤더 파일\NonUse</Filter>
    </ClInclude>
    <ClInclude Include="CommonMacroFunction.h">
      <Filter>헤더 파일\Utility</Filter>
    </ClInclude>
    <ClInclude Include="stdafx.h">
      <Filter>헤더 파일\Utility</Filter>
    </ClInclude>
    <ClInclude Include="Utility.h">
      <Filter>헤더 파일\Utility</Filter>
    </ClInclude>
    <ClInclude Include="InputDef.h">
      <Filter>헤더 파일\Utility</Filter>
    </ClInclude>
    <ClInclude Include="Asciitok.h">
      <Filter>헤더 파일\Utility</Filter>
    </ClInclude>
    <ClInclude Include="Particle_Firework.h">
      <Filter>소스 파일\Particle</Filter>
    </ClInclude>
    <ClInclude Include="Particle_GunFire.h">
      <Filter>소스 파일\Particle</Filter>
    </ClInclude>
    <ClInclude Include="MainGameManager.h">
      <Filter>소스 파일\Scene</Filter>
    </ClInclude>
    <ClInclude Include="RayCtrl.h">
      <Filter>소스 파일\Control</Filter>
    </ClInclude>
    <ClInclude Include="QuadTree.h">
      <Filter>소스 파일\Scene\Maptool\QuadTree</Filter>
    </ClInclude>
    <ClInclude Include="MaptoolScene.h">
      <Filter>소스 파일\Scene\Maptool</Filter>
    </ClInclude>
    <ClInclude Include="Plane.h">
      <Filter>소스 파일\Scene\Maptool\Plane</Filter>
    </ClInclude>
    <ClInclude Include="Menu.h">
      <Filter>소스 파일\Scene\Maptool\Menu</Filter>
    </ClInclude>
    <ClInclude Include="GameScene.h">
      <Filter>소스 파일\Scene\InGame</Filter>
    </ClInclude>
    <ClInclude Include="MainScene.h">
      <Filter>소스 파일\Scene\InGame</Filter>
    </ClInclude>
    <ClInclude Include="SceneNode.h">
      <Filter>소스 파일\Scene\InGame</Filter>
    </ClInclude>
    <ClInclude Include="maptoolUtility.h">
      <Filter>헤더 파일\Utility</Filter>
    </ClInclude>
    <ClInclude Include="Picking.h">
      <Filter>소스 파일\Scene\Maptool\Picking</Filter>
    </ClInclude>
    <ClInclude Include="MainTool.h">
      <Filter>소스 파일\Scene\Maptool\Main</Filter>
    </ClInclude>
    <ClInclude Include="Loading.h">
      <Filter>소스 파일\Scene\LoadingScene</Filter>
    </ClInclude>
    <ClInclude Include="LoadingScene.h">
      <Filter>소스 파일\Scene\LoadingScene</Filter>
    </ClInclude>
    <ClInclude Include="Player.h">
      <Filter>소스 파일\1.SungJin</Filter>
    </ClInclude>
    <ClInclude Include="Enemy.h">
      <Filter>소스 파일\2.JiYoung</Filter>
    </ClInclude>
    <ClInclude Include="EnemyManager.h">
      <Filter>소스 파일\2.JiYoung</Filter>
    </ClInclude>
    <ClInclude Include="Boss.h">
      <Filter>소스 파일\2.JiYoung</Filter>
    </ClInclude>
    <ClInclude Include="Bullymong.h">
      <Filter>소스 파일\2.JiYoung</Filter>
    </ClInclude>
    <ClInclude Include="UIManager.h">
      <Filter>소스 파일\3.YoungSeon</Filter>
    </ClInclude>
    <ClInclude Include="progressBar.h">
      <Filter>소스 파일\3.YoungSeon\UI</Filter>
    </ClInclude>
  </ItemGroup>
  <ItemGroup>
    <ClCompile Include="Borderlands2.cpp">
      <Filter>소스 파일</Filter>
    </ClCompile>
    <ClCompile Include="Action.cpp">
      <Filter>소스 파일\Action</Filter>
    </ClCompile>
    <ClCompile Include="ActionMove.cpp">
      <Filter>소스 파일\Action</Filter>
    </ClCompile>
    <ClCompile Include="ActionRepeat.cpp">
      <Filter>소스 파일\Action</Filter>
    </ClCompile>
    <ClCompile Include="ActionSequence.cpp">
      <Filter>소스 파일\Action</Filter>
    </ClCompile>
    <ClCompile Include="AllocateHierarchy.cpp">
      <Filter>소스 파일\XFile</Filter>
    </ClCompile>
    <ClCompile Include="SkinnedMesh.cpp">
      <Filter>소스 파일\XFile</Filter>
    </ClCompile>
    <ClCompile Include="ASECharacter.cpp">
      <Filter>소스 파일\ASE</Filter>
    </ClCompile>
    <ClCompile Include="ASEFrame.cpp">
      <Filter>소스 파일\ASE</Filter>
    </ClCompile>
    <ClCompile Include="ASELoader.cpp">
      <Filter>소스 파일\ASE</Filter>
    </ClCompile>
    <ClCompile Include="FontManager.cpp">
      <Filter>소스 파일\Manager</Filter>
    </ClCompile>
    <ClCompile Include="InputManager.cpp">
      <Filter>소스 파일\Manager</Filter>
    </ClCompile>
    <ClCompile Include="KeyManager.cpp">
      <Filter>소스 파일\Manager</Filter>
    </ClCompile>
    <ClCompile Include="ObjectManager.cpp">
      <Filter>소스 파일\Manager</Filter>
    </ClCompile>
    <ClCompile Include="ParticleManager.cpp">
      <Filter>소스 파일\Manager</Filter>
    </ClCompile>
    <ClCompile Include="SceneManager.cpp">
      <Filter>소스 파일\Manager</Filter>
    </ClCompile>
    <ClCompile Include="SkinnedMeshManager.cpp">
      <Filter>소스 파일\Manager</Filter>
    </ClCompile>
    <ClCompile Include="SoundManager.cpp">
      <Filter>소스 파일\Manager</Filter>
    </ClCompile>
    <ClCompile Include="TextureManager.cpp">
      <Filter>소스 파일\Manager</Filter>
    </ClCompile>
    <ClCompile Include="TimeManager.cpp">
      <Filter>소스 파일\Manager</Filter>
    </ClCompile>
    <ClCompile Include="Environment.cpp">
      <Filter>소스 파일\Environment</Filter>
    </ClCompile>
    <ClCompile Include="ParticleSystem.cpp">
      <Filter>소스 파일\Particle</Filter>
    </ClCompile>
    <ClCompile Include="Particle_Snow.cpp">
      <Filter>소스 파일\Particle</Filter>
    </ClCompile>
    <ClCompile Include="UITextView.cpp">
      <Filter>소스 파일\3.YoungSeon\UI</Filter>
    </ClCompile>
    <ClCompile Include="UIObject.cpp">
      <Filter>소스 파일\3.YoungSeon\UI</Filter>
    </ClCompile>
    <ClCompile Include="UIImageView.cpp">
      <Filter>소스 파일\3.YoungSeon\UI</Filter>
    </ClCompile>
    <ClCompile Include="UIButton.cpp">
      <Filter>소스 파일\3.YoungSeon\UI</Filter>
    </ClCompile>
    <ClCompile Include="VideoDevice.cpp">
      <Filter>소스 파일\VideoDevice</Filter>
    </ClCompile>
    <ClCompile Include="iMap.cpp">
      <Filter>소스 파일\Map</Filter>
    </ClCompile>
    <ClCompile Include="OBJMap.cpp">
      <Filter>소스 파일\Map</Filter>
    </ClCompile>
    <ClCompile Include="HeightMap.cpp">
      <Filter>소스 파일\Map</Filter>
    </ClCompile>
    <ClCompile Include="Object.cpp">
      <Filter>소스 파일\Object</Filter>
    </ClCompile>
    <ClCompile Include="OBJLoader.cpp">
      <Filter>소스 파일\Object</Filter>
    </ClCompile>
    <ClCompile Include="LinearInterpolation.cpp">
      <Filter>소스 파일\Object</Filter>
    </ClCompile>
    <ClCompile Include="Group.cpp">
      <Filter>소스 파일\Object</Filter>
    </ClCompile>
    <ClCompile Include="GameObject.cpp">
      <Filter>소스 파일\Object</Filter>
    </ClCompile>
    <ClCompile Include="CubeCtrl.cpp">
      <Filter>소스 파일\Object</Filter>
    </ClCompile>
    <ClCompile Include="AutoReleasePool.cpp">
      <Filter>소스 파일\Object</Filter>
    </ClCompile>
    <ClCompile Include="Pyramid.cpp">
      <Filter>소스 파일\Object</Filter>
    </ClCompile>
    <ClCompile Include="MatrialTexture.cpp">
      <Filter>소스 파일\MaterialTexture</Filter>
    </ClCompile>
    <ClCompile Include="CharacterCtrl.cpp">
      <Filter>소스 파일\Control</Filter>
    </ClCompile>
    <ClCompile Include="GridCtrl.cpp">
      <Filter>소스 파일\Control</Filter>
    </ClCompile>
    <ClCompile Include="CameraCtrl.cpp">
      <Filter>소스 파일\Manager</Filter>
    </ClCompile>
    <ClCompile Include="SkyBox.cpp">
      <Filter>소스 파일\Environment</Filter>
    </ClCompile>
    <ClCompile Include="FrustomCulling.cpp">
      <Filter>소스 파일\Scene\Maptool\Culling</Filter>
    </ClCompile>
    <ClCompile Include="Utility.cpp">
      <Filter>헤더 파일\NonUse</Filter>
    </ClCompile>
    <ClCompile Include="stdafx.cpp">
      <Filter>헤더 파일\NonUse</Filter>
    </ClCompile>
    <ClCompile Include="Particle_Firework.cpp">
      <Filter>소스 파일\Particle</Filter>
    </ClCompile>
    <ClCompile Include="Particle_GunFire.cpp">
      <Filter>소스 파일\Particle</Filter>
    </ClCompile>
    <ClCompile Include="MainGameManager.cpp">
      <Filter>소스 파일\Scene</Filter>
    </ClCompile>
    <ClCompile Include="RayCtrl.cpp">
      <Filter>소스 파일\Control</Filter>
    </ClCompile>
    <ClCompile Include="QuadTree.cpp">
      <Filter>소스 파일\Scene\Maptool\QuadTree</Filter>
    </ClCompile>
    <ClCompile Include="MaptoolScene.cpp">
      <Filter>소스 파일\Scene\Maptool</Filter>
    </ClCompile>
    <ClCompile Include="Plane.cpp">
      <Filter>소스 파일\Scene\Maptool\Plane</Filter>
    </ClCompile>
    <ClCompile Include="Menu.cpp">
      <Filter>소스 파일\Scene\Maptool\Menu</Filter>
    </ClCompile>
    <ClCompile Include="GameScene.cpp">
      <Filter>소스 파일\Scene\InGame</Filter>
    </ClCompile>
    <ClCompile Include="MainScene.cpp">
      <Filter>소스 파일\Scene\InGame</Filter>
    </ClCompile>
    <ClCompile Include="SceneNode.cpp">
      <Filter>소스 파일\Scene\InGame</Filter>
    </ClCompile>
    <ClCompile Include="Picking.cpp">
      <Filter>소스 파일\Scene\Maptool\Picking</Filter>
    </ClCompile>
    <ClCompile Include="MainTool.cpp">
      <Filter>소스 파일\Scene\Maptool\Main</Filter>
    </ClCompile>
    <ClCompile Include="Loading.cpp">
      <Filter>소스 파일\Scene\LoadingScene</Filter>
    </ClCompile>
    <ClCompile Include="LoadingScene.cpp">
      <Filter>소스 파일\Scene\LoadingScene</Filter>
    </ClCompile>
    <ClCompile Include="Player.cpp">
      <Filter>소스 파일\1.SungJin</Filter>
    </ClCompile>
    <ClCompile Include="Enemy.cpp">
      <Filter>소스 파일\2.JiYoung</Filter>
    </ClCompile>
    <ClCompile Include="EnemyManager.cpp">
      <Filter>소스 파일\2.JiYoung</Filter>
    </ClCompile>
    <ClCompile Include="Bullymong.cpp">
      <Filter>소스 파일\2.JiYoung</Filter>
    </ClCompile>
    <ClCompile Include="Boss.cpp">
      <Filter>소스 파일\2.JiYoung</Filter>
    </ClCompile>
    <ClCompile Include="UIManager.cpp">
      <Filter>소스 파일\3.YoungSeon</Filter>
    </ClCompile>
    <ClCompile Include="progressBar.cpp">
      <Filter>소스 파일\3.YoungSeon\UI</Filter>
    </ClCompile>
  </ItemGroup>
  <ItemGroup>
    <ResourceCompile Include="Borderlands2.rc">
      <Filter>리소스 파일</Filter>
    </ResourceCompile>
  </ItemGroup>
  <ItemGroup>
    <Image Include="small.ico">
      <Filter>리소스 파일</Filter>
    </Image>
    <Image Include="Borderlands2.ico">
      <Filter>리소스 파일</Filter>
    </Image>
  </ItemGroup>
</Project>